
Microsoft Visual Studio Solution File, Format Version 12.00
# Visual Studio Version 17
VisualStudioVersion = 17.10.35013.160
MinimumVisualStudioVersion = 10.0.40219.1
Project("{9A19103F-16F7-4668-BE54-9A1E7A4F7556}") = "ShoppingStore.Tests", "ShoppingStore.Core.Test\ShoppingStore.Tests.csproj", "{538DDE0F-BCEC-4DA2-A902-93E1327761F2}"
EndProject
Project("{9A19103F-16F7-4668-BE54-9A1E7A4F7556}") = "ShoppingStore.Domain", "ShoppingStore.Core\ShoppingStore.Domain.csproj", "{723F8976-0D14-48E1-B19D-51D8BFD4E4D6}"
EndProject
Project("{9A19103F-16F7-4668-BE54-9A1E7A4F7556}") = "ShoppingStore.Presentation", "ShoppingStore.Presentation\ShoppingStore.Presentation.csproj", "{D46FF0C2-E548-4F25-8F5B-26BECDCA6A8D}"
EndProject
Project("{9A19103F-16F7-4668-BE54-9A1E7A4F7556}") = "ShoppingStore.Application", "ShoppingStore.Application\ShoppingStore.Application.csproj", "{F20B1704-D9F1-44BA-9637-5E368D6EC885}"
EndProject
Project("{9A19103F-16F7-4668-BE54-9A1E7A4F7556}") = "ShoppingStore.Infrastructure", "ShoppingStore.Infrastructure\ShoppingStore.Infrastructure.csproj", "{505CF4CD-12B7-4899-BACB-BC65E8C7477E}"
EndProject
Global
	GlobalSection(SolutionConfigurationPlatforms) = preSolution
		Debug|Any CPU = Debug|Any CPU
		Release|Any CPU = Release|Any CPU
	EndGlobalSection
	GlobalSection(ProjectConfigurationPlatforms) = postSolution
		{538DDE0F-BCEC-4DA2-A902-93E1327761F2}.Debug|Any CPU.ActiveCfg = Debug|Any CPU
		{538DDE0F-BCEC-4DA2-A902-93E1327761F2}.Debug|Any CPU.Build.0 = Debug|Any CPU
		{538DDE0F-BCEC-4DA2-A902-93E1327761F2}.Release|Any CPU.ActiveCfg = Release|Any CPU
		{538DDE0F-BCEC-4DA2-A902-93E1327761F2}.Release|Any CPU.Build.0 = Release|Any CPU
		{723F8976-0D14-48E1-B19D-51D8BFD4E4D6}.Debug|Any CPU.ActiveCfg = Debug|Any CPU
		{723F8976-0D14-48E1-B19D-51D8BFD4E4D6}.Debug|Any CPU.Build.0 = Debug|Any CPU
		{723F8976-0D14-48E1-B19D-51D8BFD4E4D6}.Release|Any CPU.ActiveCfg = Release|Any CPU
		{723F8976-0D14-48E1-B19D-51D8BFD4E4D6}.Release|Any CPU.Build.0 = Release|Any CPU
		{D46FF0C2-E548-4F25-8F5B-26BECDCA6A8D}.Debug|Any CPU.ActiveCfg = Debug|Any CPU
		{D46FF0C2-E548-4F25-8F5B-26BECDCA6A8D}.Debug|Any CPU.Build.0 = Debug|Any CPU
		{D46FF0C2-E548-4F25-8F5B-26BECDCA6A8D}.Release|Any CPU.ActiveCfg = Release|Any CPU
		{D46FF0C2-E548-4F25-8F5B-26BECDCA6A8D}.Release|Any CPU.Build.0 = Release|Any CPU
		{F20B1704-D9F1-44BA-9637-5E368D6EC885}.Debug|Any CPU.ActiveCfg = Debug|Any CPU
		{F20B1704-D9F1-44BA-9637-5E368D6EC885}.Debug|Any CPU.Build.0 = Debug|Any CPU
		{F20B1704-D9F1-44BA-9637-5E368D6EC885}.Release|Any CPU.ActiveCfg = Release|Any CPU
		{F20B1704-D9F1-44BA-9637-5E368D6EC885}.Release|Any CPU.Build.0 = Release|Any CPU
		{505CF4CD-12B7-4899-BACB-BC65E8C7477E}.Debug|Any CPU.ActiveCfg = Debug|Any CPU
		{505CF4CD-12B7-4899-BACB-BC65E8C7477E}.Debug|Any CPU.Build.0 = Debug|Any CPU
		{505CF4CD-12B7-4899-BACB-BC65E8C7477E}.Release|Any CPU.ActiveCfg = Release|Any CPU
		{505CF4CD-12B7-4899-BACB-BC65E8C7477E}.Release|Any CPU.Build.0 = Release|Any CPU
	EndGlobalSection
	GlobalSection(SolutionProperties) = preSolution
		HideSolutionNode = FALSE
	EndGlobalSection
	GlobalSection(ExtensibilityGlobals) = postSolution
		SolutionGuid = {270D91B7-FD5D-4C87-BB28-34F9FABEB47B}
	EndGlobalSection
EndGlobal
